// !$*UTF8*$!
{
	archiveVersion = 1;
	classes = {
	};
	objectVersion = 46;
	objects = {

/* Begin PBXBuildFile section */
		2171C7EC1C17E6F900484050 /* AppDelegate.swift in Sources */ = {isa = PBXBuildFile; fileRef = 2171C7EB1C17E6F900484050 /* AppDelegate.swift */; };
		2171C7F11C17E6F900484050 /* Main.storyboard in Resources */ = {isa = PBXBuildFile; fileRef = 2171C7EF1C17E6F900484050 /* Main.storyboard */; };
		2171C7F31C17E6F900484050 /* Assets.xcassets in Resources */ = {isa = PBXBuildFile; fileRef = 2171C7F21C17E6F900484050 /* Assets.xcassets */; };
		2171C7F61C17E6F900484050 /* LaunchScreen.storyboard in Resources */ = {isa = PBXBuildFile; fileRef = 2171C7F41C17E6F900484050 /* LaunchScreen.storyboard */; };
		2171C8011C17E6F900484050 /* HotelListingTests.swift in Sources */ = {isa = PBXBuildFile; fileRef = 2171C8001C17E6F900484050 /* HotelListingTests.swift */; };
		2171C80C1C17E6F900484050 /* HotelListingUITests.swift in Sources */ = {isa = PBXBuildFile; fileRef = 2171C80B1C17E6F900484050 /* HotelListingUITests.swift */; };
		2171C81B1C17EA7400484050 /* RestaurentsListViewController.swift in Sources */ = {isa = PBXBuildFile; fileRef = 2171C81A1C17EA7400484050 /* RestaurentsListViewController.swift */; };
		2171C81D1C17EAAF00484050 /* RestaurentViewCell.swift in Sources */ = {isa = PBXBuildFile; fileRef = 2171C81C1C17EAAF00484050 /* RestaurentViewCell.swift */; };
		2171C8201C17ED0D00484050 /* Restaurent.swift in Sources */ = {isa = PBXBuildFile; fileRef = 2171C81F1C17ED0D00484050 /* Restaurent.swift */; };
		2171C82B1C17F11500484050 /* Router.swift in Sources */ = {isa = PBXBuildFile; fileRef = 2171C8291C17F11500484050 /* Router.swift */; };
		2171C82C1C17F11500484050 /* Util.swift in Sources */ = {isa = PBXBuildFile; fileRef = 2171C82A1C17F11500484050 /* Util.swift */; };
		65FCA54224439CBAD41E0A36 /* Pods_HotelListing.framework in Frameworks */ = {isa = PBXBuildFile; fileRef = B7A09558D97C617A05C47048 /* Pods_HotelListing.framework */; };
/* End PBXBuildFile section */

/* Begin PBXContainerItemProxy section */
		2171C7FD1C17E6F900484050 /* PBXContainerItemProxy */ = {
			isa = PBXContainerItemProxy;
			containerPortal = 2171C7E01C17E6F800484050 /* Project object */;
			proxyType = 1;
			remoteGlobalIDString = 2171C7E71C17E6F800484050;
			remoteInfo = HotelListing;
		};
		2171C8081C17E6F900484050 /* PBXContainerItemProxy */ = {
			isa = PBXContainerItemProxy;
			containerPortal = 2171C7E01C17E6F800484050 /* Project object */;
			proxyType = 1;
			remoteGlobalIDString = 2171C7E71C17E6F800484050;
			remoteInfo = HotelListing;
		};
/* End PBXContainerItemProxy section */

/* Begin PBXFileReference section */
		2171C7E81C17E6F800484050 /* HotelListing.app */ = {isa = PBXFileReference; explicitFileType = wrapper.application; includeInIndex = 0; path = HotelListing.app; sourceTree = BUILT_PRODUCTS_DIR; };
		2171C7EB1C17E6F900484050 /* AppDelegate.swift */ = {isa = PBXFileReference; lastKnownFileType = sourcecode.swift; path = AppDelegate.swift; sourceTree = "<group>"; };
		2171C7F01C17E6F900484050 /* Base */ = {isa = PBXFileReference; lastKnownFileType = file.storyboard; name = Base; path = Base.lproj/Main.storyboard; sourceTree = "<group>"; };
		2171C7F21C17E6F900484050 /* Assets.xcassets */ = {isa = PBXFileReference; lastKnownFileType = folder.assetcatalog; path = Assets.xcassets; sourceTree = "<group>"; };
		2171C7F51C17E6F900484050 /* Base */ = {isa = PBXFileReference; lastKnownFileType = file.storyboard; name = Base; path = Base.lproj/LaunchScreen.storyboard; sourceTree = "<group>"; };
		2171C7F71C17E6F900484050 /* Info.plist */ = {isa = PBXFileReference; lastKnownFileType = text.plist.xml; path = Info.plist; sourceTree = "<group>"; };
		2171C7FC1C17E6F900484050 /* HotelListingTests.xctest */ = {isa = PBXFileReference; explicitFileType = wrapper.cfbundle; includeInIndex = 0; path = HotelListingTests.xctest; sourceTree = BUILT_PRODUCTS_DIR; };
		2171C8001C17E6F900484050 /* HotelListingTests.swift */ = {isa = PBXFileReference; lastKnownFileType = sourcecode.swift; path = HotelListingTests.swift; sourceTree = "<group>"; };
		2171C8021C17E6F900484050 /* Info.plist */ = {isa = PBXFileReference; lastKnownFileType = text.plist.xml; path = Info.plist; sourceTree = "<group>"; };
		2171C8071C17E6F900484050 /* HotelListingUITests.xctest */ = {isa = PBXFileReference; explicitFileType = wrapper.cfbundle; includeInIndex = 0; path = HotelListingUITests.xctest; sourceTree = BUILT_PRODUCTS_DIR; };
		2171C80B1C17E6F900484050 /* HotelListingUITests.swift */ = {isa = PBXFileReference; lastKnownFileType = sourcecode.swift; path = HotelListingUITests.swift; sourceTree = "<group>"; };
		2171C80D1C17E6F900484050 /* Info.plist */ = {isa = PBXFileReference; lastKnownFileType = text.plist.xml; path = Info.plist; sourceTree = "<group>"; };
		2171C81A1C17EA7400484050 /* RestaurentsListViewController.swift */ = {isa = PBXFileReference; fileEncoding = 4; lastKnownFileType = sourcecode.swift; name = RestaurentsListViewController.swift; path = Controller/RestaurentsListViewController.swift; sourceTree = "<group>"; };
		2171C81C1C17EAAF00484050 /* RestaurentViewCell.swift */ = {isa = PBXFileReference; fileEncoding = 4; lastKnownFileType = sourcecode.swift; name = RestaurentViewCell.swift; path = Controller/RestaurentViewCell.swift; sourceTree = "<group>"; };
		2171C81F1C17ED0D00484050 /* Restaurent.swift */ = {isa = PBXFileReference; fileEncoding = 4; lastKnownFileType = sourcecode.swift; name = Restaurent.swift; path = Model/Restaurent.swift; sourceTree = "<group>"; };
		2171C8211C17EE7B00484050 /* HotelListing-Bridging-Header.h */ = {isa = PBXFileReference; lastKnownFileType = sourcecode.c.h; path = "HotelListing-Bridging-Header.h"; sourceTree = "<group>"; };
		2171C8291C17F11500484050 /* Router.swift */ = {isa = PBXFileReference; fileEncoding = 4; lastKnownFileType = sourcecode.swift; name = Router.swift; path = Router/Router.swift; sourceTree = "<group>"; };
		2171C82A1C17F11500484050 /* Util.swift */ = {isa = PBXFileReference; fileEncoding = 4; lastKnownFileType = sourcecode.swift; name = Util.swift; path = Router/Util.swift; sourceTree = "<group>"; };
		848D2D3E5572928DF1DDBCFC /* Pods-HotelListing.debug.xcconfig */ = {isa = PBXFileReference; includeInIndex = 1; lastKnownFileType = text.xcconfig; name = "Pods-HotelListing.debug.xcconfig"; path = "Pods/Target Support Files/Pods-HotelListing/Pods-HotelListing.debug.xcconfig"; sourceTree = "<group>"; };
		B7A09558D97C617A05C47048 /* Pods_HotelListing.framework */ = {isa = PBXFileReference; explicitFileType = wrapper.framework; includeInIndex = 0; path = Pods_HotelListing.framework; sourceTree = BUILT_PRODUCTS_DIR; };
		F5F526A716EF5981925F60BB /* Pods-HotelListing.release.xcconfig */ = {isa = PBXFileReference; includeInIndex = 1; lastKnownFileType = text.xcconfig; name = "Pods-HotelListing.release.xcconfig"; path = "Pods/Target Support Files/Pods-HotelListing/Pods-HotelListing.release.xcconfig"; sourceTree = "<group>"; };
/* End PBXFileReference section */

/* Begin PBXFrameworksBuildPhase section */
		2171C7E51C17E6F800484050 /* Frameworks */ = {
			isa = PBXFrameworksBuildPhase;
			buildActionMask = 2147483647;
			files = (
				65FCA54224439CBAD41E0A36 /* Pods_HotelListing.framework in Frameworks */,
			);
			runOnlyForDeploymentPostprocessing = 0;
		};
		2171C7F91C17E6F900484050 /* Frameworks */ = {
			isa = PBXFrameworksBuildPhase;
			buildActionMask = 2147483647;
			files = (
			);
			runOnlyForDeploymentPostprocessing = 0;
		};
		2171C8041C17E6F900484050 /* Frameworks */ = {
			isa = PBXFrameworksBuildPhase;
			buildActionMask = 2147483647;
			files = (
			);
			runOnlyForDeploymentPostprocessing = 0;
		};
/* End PBXFrameworksBuildPhase section */

/* Begin PBXGroup section */
		2171C7DF1C17E6F800484050 = {
			isa = PBXGroup;
			children = (
				2171C7EA1C17E6F800484050 /* HotelListing */,
				2171C7FF1C17E6F900484050 /* HotelListingTests */,
				2171C80A1C17E6F900484050 /* HotelListingUITests */,
				2171C7E91C17E6F800484050 /* Products */,
				B98995D701673BB49B7C0A62 /* Pods */,
				820917064CB79618886ED899 /* Frameworks */,
			);
			sourceTree = "<group>";
		};
		2171C7E91C17E6F800484050 /* Products */ = {
			isa = PBXGroup;
			children = (
				2171C7E81C17E6F800484050 /* HotelListing.app */,
				2171C7FC1C17E6F900484050 /* HotelListingTests.xctest */,
				2171C8071C17E6F900484050 /* HotelListingUITests.xctest */,
			);
			name = Products;
			sourceTree = "<group>";
		};
		2171C7EA1C17E6F800484050 /* HotelListing */ = {
			isa = PBXGroup;
			children = (
				2171C8241C17F04900484050 /* Router */,
				2171C81E1C17ECDC00484050 /* Model */,
				2171C8191C17EA3C00484050 /* Controller */,
				2171C7EB1C17E6F900484050 /* AppDelegate.swift */,
				2171C7EF1C17E6F900484050 /* Main.storyboard */,
				2171C7F21C17E6F900484050 /* Assets.xcassets */,
				2171C7F41C17E6F900484050 /* LaunchScreen.storyboard */,
				2171C7F71C17E6F900484050 /* Info.plist */,
				2171C8211C17EE7B00484050 /* HotelListing-Bridging-Header.h */,
			);
			path = HotelListing;
			sourceTree = "<group>";
		};
		2171C7FF1C17E6F900484050 /* HotelListingTests */ = {
			isa = PBXGroup;
			children = (
				2171C8001C17E6F900484050 /* HotelListingTests.swift */,
				2171C8021C17E6F900484050 /* Info.plist */,
			);
			path = HotelListingTests;
			sourceTree = "<group>";
		};
		2171C80A1C17E6F900484050 /* HotelListingUITests */ = {
			isa = PBXGroup;
			children = (
				2171C80B1C17E6F900484050 /* HotelListingUITests.swift */,
				2171C80D1C17E6F900484050 /* Info.plist */,
			);
			path = HotelListingUITests;
			sourceTree = "<group>";
		};
		2171C8191C17EA3C00484050 /* Controller */ = {
			isa = PBXGroup;
			children = (
				2171C81A1C17EA7400484050 /* RestaurentsListViewController.swift */,
				2171C81C1C17EAAF00484050 /* RestaurentViewCell.swift */,
			);
			name = Controller;
			sourceTree = "<group>";
		};
		2171C81E1C17ECDC00484050 /* Model */ = {
			isa = PBXGroup;
			children = (
				2171C81F1C17ED0D00484050 /* Restaurent.swift */,
			);
			name = Model;
			sourceTree = "<group>";
		};
		2171C8241C17F04900484050 /* Router */ = {
			isa = PBXGroup;
			children = (
				2171C8291C17F11500484050 /* Router.swift */,
				2171C82A1C17F11500484050 /* Util.swift */,
			);
			name = Router;
			sourceTree = "<group>";
		};
		820917064CB79618886ED899 /* Frameworks */ = {
			isa = PBXGroup;
			children = (
				B7A09558D97C617A05C47048 /* Pods_HotelListing.framework */,
			);
			name = Frameworks;
			sourceTree = "<group>";
		};
		B98995D701673BB49B7C0A62 /* Pods */ = {
			isa = PBXGroup;
			children = (
				848D2D3E5572928DF1DDBCFC /* Pods-HotelListing.debug.xcconfig */,
				F5F526A716EF5981925F60BB /* Pods-HotelListing.release.xcconfig */,
			);
			name = Pods;
			sourceTree = "<group>";
		};
/* End PBXGroup section */

/* Begin PBXNativeTarget section */
		2171C7E71C17E6F800484050 /* HotelListing */ = {
			isa = PBXNativeTarget;
			buildConfigurationList = 2171C8101C17E6F900484050 /* Build configuration list for PBXNativeTarget "HotelListing" */;
			buildPhases = (
				3561269B524638626F8DA864 /* Check Pods Manifest.lock */,
				2171C7E41C17E6F800484050 /* Sources */,
				2171C7E51C17E6F800484050 /* Frameworks */,
				2171C7E61C17E6F800484050 /* Resources */,
				85E35764C986DE9F5EBE7C98 /* Embed Pods Frameworks */,
				CDA25083404B0CA02BE018FC /* Copy Pods Resources */,
			);
			buildRules = (
			);
			dependencies = (
			);
			name = HotelListing;
			productName = HotelListing;
			productReference = 2171C7E81C17E6F800484050 /* HotelListing.app */;
			productType = "com.apple.product-type.application";
		};
		2171C7FB1C17E6F900484050 /* HotelListingTests */ = {
			isa = PBXNativeTarget;
			buildConfigurationList = 2171C8131C17E6F900484050 /* Build configuration list for PBXNativeTarget "HotelListingTests" */;
			buildPhases = (
				2171C7F81C17E6F900484050 /* Sources */,
				2171C7F91C17E6F900484050 /* Frameworks */,
				2171C7FA1C17E6F900484050 /* Resources */,
			);
			buildRules = (
			);
			dependencies = (
				2171C7FE1C17E6F900484050 /* PBXTargetDependency */,
			);
			name = HotelListingTests;
			productName = HotelListingTests;
			productReference = 2171C7FC1C17E6F900484050 /* HotelListingTests.xctest */;
			productType = "com.apple.product-type.bundle.unit-test";
		};
		2171C8061C17E6F900484050 /* HotelListingUITests */ = {
			isa = PBXNativeTarget;
			buildConfigurationList = 2171C8161C17E6F900484050 /* Build configuration list for PBXNativeTarget "HotelListingUITests" */;
			buildPhases = (
				2171C8031C17E6F900484050 /* Sources */,
				2171C8041C17E6F900484050 /* Frameworks */,
				2171C8051C17E6F900484050 /* Resources */,
			);
			buildRules = (
			);
			dependencies = (
				2171C8091C17E6F900484050 /* PBXTargetDependency */,
			);
			name = HotelListingUITests;
			productName = HotelListingUITests;
			productReference = 2171C8071C17E6F900484050 /* HotelListingUITests.xctest */;
			productType = "com.apple.product-type.bundle.ui-testing";
		};
/* End PBXNativeTarget section */

/* Begin PBXProject section */
		2171C7E01C17E6F800484050 /* Project object */ = {
			isa = PBXProject;
			attributes = {
				LastSwiftUpdateCheck = 0710;
				LastUpgradeCheck = 0710;
				ORGANIZATIONNAME = "Aadesh Maheshwari";
				TargetAttributes = {
					2171C7E71C17E6F800484050 = {
						CreatedOnToolsVersion = 7.1.1;
					};
					2171C7FB1C17E6F900484050 = {
						CreatedOnToolsVersion = 7.1.1;
						TestTargetID = 2171C7E71C17E6F800484050;
					};
					2171C8061C17E6F900484050 = {
						CreatedOnToolsVersion = 7.1.1;
						TestTargetID = 2171C7E71C17E6F800484050;
					};
				};
			};
			buildConfigurationList = 2171C7E31C17E6F800484050 /* Build configuration list for PBXProject "HotelListing" */;
			compatibilityVersion = "Xcode 3.2";
			developmentRegion = English;
			hasScannedForEncodings = 0;
			knownRegions = (
				en,
				Base,
			);
			mainGroup = 2171C7DF1C17E6F800484050;
			productRefGroup = 2171C7E91C17E6F800484050 /* Products */;
			projectDirPath = "";
			projectRoot = "";
			targets = (
				2171C7E71C17E6F800484050 /* HotelListing */,
				2171C7FB1C17E6F900484050 /* HotelListingTests */,
				2171C8061C17E6F900484050 /* HotelListingUITests */,
			);
		};
/* End PBXProject section */

/* Begin PBXResourcesBuildPhase section */
		2171C7E61C17E6F800484050 /* Resources */ = {
			isa = PBXResourcesBuildPhase;
			buildActionMask = 2147483647;
			files = (
				2171C7F61C17E6F900484050 /* LaunchScreen.storyboard in Resources */,
				2171C7F31C17E6F900484050 /* Assets.xcassets in Resources */,
				2171C7F11C17E6F900484050 /* Main.storyboard in Resources */,
			);
			runOnlyForDeploymentPostprocessing = 0;
		};
		2171C7FA1C17E6F900484050 /* Resources */ = {
			isa = PBXResourcesBuildPhase;
			buildActionMask = 2147483647;
			files = (
			);
			runOnlyForDeploymentPostprocessing = 0;
		};
		2171C8051C17E6F900484050 /* Resources */ = {
			isa = PBXResourcesBuildPhase;
			buildActionMask = 2147483647;
			files = (
			);
			runOnlyForDeploymentPostprocessing = 0;
		};
/* End PBXResourcesBuildPhase section */

/* Begin PBXShellScriptBuildPhase section */
		3561269B524638626F8DA864 /* Check Pods Manifest.lock */ = {
			isa = PBXShellScriptBuildPhase;
			buildActionMask = 2147483647;
			files = (
			);
			inputPaths = (
			);
			name = "Check Pods Manifest.lock";
			outputPaths = (
			);
			runOnlyForDeploymentPostprocessing = 0;
			shellPath = /bin/sh;
			shellScript = "diff \"${PODS_ROOT}/../Podfile.lock\" \"${PODS_ROOT}/Manifest.lock\" > /dev/null\nif [[ $? != 0 ]] ; then\n    cat << EOM\nerror: The sandbox is not in sync with the Podfile.lock. Run 'pod install' or update your CocoaPods installation.\nEOM\n    exit 1\nfi\n";
			showEnvVarsInLog = 0;
		};
		85E35764C986DE9F5EBE7C98 /* Embed Pods Frameworks */ = {
			isa = PBXShellScriptBuildPhase;
			buildActionMask = 2147483647;
			files = (
			);
			inputPaths = (
			);
			name = "Embed Pods Frameworks";
			outputPaths = (
			);
			runOnlyForDeploymentPostprocessing = 0;
			shellPath = /bin/sh;
			shellScript = "\"${SRCROOT}/Pods/Target Support Files/Pods-HotelListing/Pods-HotelListing-frameworks.sh\"\n";
			showEnvVarsInLog = 0;
		};
		CDA25083404B0CA02BE018FC /* Copy Pods Resources */ = {
			isa = PBXShellScriptBuildPhase;
			buildActionMask = 2147483647;
			files = (
			);
			inputPaths = (
			);
			name = "Copy Pods Resources";
			outputPaths = (
			);
			runOnlyForDeploymentPostprocessing = 0;
			shellPath = /bin/sh;
			shellScript = "\"${SRCROOT}/Pods/Target Support Files/Pods-HotelListing/Pods-HotelListing-resources.sh\"\n";
			showEnvVarsInLog = 0;
		};
/* End PBXShellScriptBuildPhase section */

/* Begin PBXSourcesBuildPhase section */
		2171C7E41C17E6F800484050 /* Sources */ = {
			isa = PBXSourcesBuildPhase;
			buildActionMask = 2147483647;
			files = (
				2171C8201C17ED0D00484050 /* Restaurent.swift in Sources */,
				2171C82C1C17F11500484050 /* Util.swift in Sources */,
				2171C81D1C17EAAF00484050 /* RestaurentViewCell.swift in Sources */,
				2171C82B1C17F11500484050 /* Router.swift in Sources */,
				2171C7EC1C17E6F900484050 /* AppDelegate.swift in Sources */,
				2171C81B1C17EA7400484050 /* RestaurentsListViewController.swift in Sources */,
			);
			runOnlyForDeploymentPostprocessing = 0;
		};
		2171C7F81C17E6F900484050 /* Sources */ = {
			isa = PBXSourcesBuildPhase;
			buildActionMask = 2147483647;
			files = (
				2171C8011C17E6F900484050 /* HotelListingTests.swift in Sources */,
			);
			runOnlyForDeploymentPostprocessing = 0;
		};
		2171C8031C17E6F900484050 /* Sources */ = {
			isa = PBXSourcesBuildPhase;
			buildActionMask = 2147483647;
			files = (
				2171C80C1C17E6F900484050 /* HotelListingUITests.swift in Sources */,
			);
			runOnlyForDeploymentPostprocessing = 0;
		};
/* End PBXSourcesBuildPhase section */

/* Begin PBXTargetDependency section */
		2171C7FE1C17E6F900484050 /* PBXTargetDependency */ = {
			isa = PBXTargetDependency;
			target = 2171C7E71C17E6F800484050 /* HotelListing */;
			targetProxy = 2171C7FD1C17E6F900484050 /* PBXContainerItemProxy */;
		};
		2171C8091C17E6F900484050 /* PBXTargetDependency */ = {
			isa = PBXTargetDependency;
			target = 2171C7E71C17E6F800484050 /* HotelListing */;
			targetProxy = 2171C8081C17E6F900484050 /* PBXContainerItemProxy */;
		};
/* End PBXTargetDependency section */

/* Begin PBXVariantGroup section */
		2171C7EF1C17E6F900484050 /* Main.storyboard */ = {
			isa = PBXVariantGroup;
			children = (
				2171C7F01C17E6F900484050 /* Base */,
			);
			name = Main.storyboard;
			sourceTree = "<group>";
		};
		2171C7F41C17E6F900484050 /* LaunchScreen.storyboard */ = {
			isa = PBXVariantGroup;
			children = (
				2171C7F51C17E6F900484050 /* Base */,
			);
			name = LaunchScreen.storyboard;
			sourceTree = "<group>";
		};
/* End PBXVariantGroup section */

/* Begin XCBuildConfiguration section */
		2171C80E1C17E6F900484050 /* Debug */ = {
			isa = XCBuildConfiguration;
			buildSettings = {
				ALWAYS_SEARCH_USER_PATHS = NO;
				CLANG_CXX_LANGUAGE_STANDARD = "gnu++0x";
				CLANG_CXX_LIBRARY = "libc++";
				CLANG_ENABLE_MODULES = YES;
				CLANG_ENABLE_OBJC_ARC = YES;
				CLANG_WARN_BOOL_CONVERSION = YES;
				CLANG_WARN_CONSTANT_CONVERSION = YES;
				CLANG_WARN_DIRECT_OBJC_ISA_USAGE = YES_ERROR;
				CLANG_WARN_EMPTY_BODY = YES;
				CLANG_WARN_ENUM_CONVERSION = YES;
				CLANG_WARN_INT_CONVERSION = YES;
				CLANG_WARN_OBJC_ROOT_CLASS = YES_ERROR;
				CLANG_WARN_UNREACHABLE_CODE = YES;
				CLANG_WARN__DUPLICATE_METHOD_MATCH = YES;
				"CODE_SIGN_IDENTITY[sdk=iphoneos*]" = "iPhone Developer";
				COPY_PHASE_STRIP = NO;
				DEBUG_INFORMATION_FORMAT = dwarf;
				ENABLE_STRICT_OBJC_MSGSEND = YES;
				ENABLE_TESTABILITY = YES;
				GCC_C_LANGUAGE_STANDARD = gnu99;
				GCC_DYNAMIC_NO_PIC = NO;
				GCC_NO_COMMON_BLOCKS = YES;
				GCC_OPTIMIZATION_LEVEL = 0;
				GCC_PREPROCESSOR_DEFINITIONS = (
					"DEBUG=1",
					"$(inherited)",
				);
				GCC_WARN_64_TO_32_BIT_CONVERSION = YES;
				GCC_WARN_ABOUT_RETURN_TYPE = YES_ERROR;
				GCC_WARN_UNDECLARED_SELECTOR = YES;
				GCC_WARN_UNINITIALIZED_AUTOS = YES_AGGRESSIVE;
				GCC_WARN_UNUSED_FUNCTION = YES;
				GCC_WARN_UNUSED_VARIABLE = YES;
				IPHONEOS_DEPLOYMENT_TARGET = 9.1;
				MTL_ENABLE_DEBUG_INFO = YES;
				ONLY_ACTIVE_ARCH = YES;
				SDKROOT = iphoneos;
				SWIFT_OPTIMIZATION_LEVEL = "-Onone";
			};
			name = Debug;
		};
		2171C80F1C17E6F900484050 /* Release */ = {
			isa = XCBuildConfiguration;
			buildSettings = {
				ALWAYS_SEARCH_USER_PATHS = NO;
				CLANG_CXX_LANGUAGE_STANDARD = "gnu++0x";
				CLANG_CXX_LIBRARY = "libc++";
				CLANG_ENABLE_MODULES = YES;
				CLANG_ENABLE_OBJC_ARC = YES;
				CLANG_WARN_BOOL_CONVERSION = YES;
				CLANG_WARN_CONSTANT_CONVERSION = YES;
				CLANG_WARN_DIRECT_OBJC_ISA_USAGE = YES_ERROR;
				CLANG_WARN_EMPTY_BODY = YES;
				CLANG_WARN_ENUM_CONVERSION = YES;
				CLANG_WARN_INT_CONVERSION = YES;
				CLANG_WARN_OBJC_ROOT_CLASS = YES_ERROR;
				CLANG_WARN_UNREACHABLE_CODE = YES;
				CLANG_WARN__DUPLICATE_METHOD_MATCH = YES;
				"CODE_SIGN_IDENTITY[sdk=iphoneos*]" = "iPhone Developer";
				COPY_PHASE_STRIP = NO;
				DEBUG_INFORMATION_FORMAT = "dwarf-with-dsym";
				ENABLE_NS_ASSERTIONS = NO;
				ENABLE_STRICT_OBJC_MSGSEND = YES;
				GCC_C_LANGUAGE_STANDARD = gnu99;
				GCC_NO_COMMON_BLOCKS = YES;
				GCC_WARN_64_TO_32_BIT_CONVERSION = YES;
				GCC_WARN_ABOUT_RETURN_TYPE = YES_ERROR;
				GCC_WARN_UNDECLARED_SELECTOR = YES;
				GCC_WARN_UNINITIALIZED_AUTOS = YES_AGGRESSIVE;
				GCC_WARN_UNUSED_FUNCTION = YES;
				GCC_WARN_UNUSED_VARIABLE = YES;
				IPHONEOS_DEPLOYMENT_TARGET = 9.1;
				MTL_ENABLE_DEBUG_INFO = NO;
				SDKROOT = iphoneos;
				VALIDATE_PRODUCT = YES;
			};
			name = Release;
		};
		2171C8111C17E6F900484050 /* Debug */ = {
			isa = XCBuildConfiguration;
			baseConfigurationReference = 848D2D3E5572928DF1DDBCFC /* Pods-HotelListing.debug.xcconfig */;
			buildSettings = {
				ASSETCATALOG_COMPILER_APPICON_NAME = AppIcon;
				CLANG_ENABLE_MODULES = YES;
				INFOPLIST_FILE = HotelListing/Info.plist;
				LD_RUNPATH_SEARCH_PATHS = "$(inherited) @executable_path/Frameworks";
				PRODUCT_BUNDLE_IDENTIFIER = com.aadeshWorld.HotelListing;
				PRODUCT_NAME = "$(TARGET_NAME)";
				SWIFT_OBJC_BRIDGING_HEADER = "HotelListing/HotelListing-Bridging-Header.h";
				SWIFT_OPTIMIZATION_LEVEL = "-Onone";
			};
			name = Debug;
		};
		2171C8121C17E6F900484050 /* Release */ = {
			isa = XCBuildConfiguration;
			baseConfigurationReference = F5F526A716EF5981925F60BB /* Pods-HotelListing.release.xcconfig */;
			buildSettings = {
				ASSETCATALOG_COMPILER_APPICON_NAME = AppIcon;
				CLANG_ENABLE_MODULES = YES;
				INFOPLIST_FILE = HotelListing/Info.plist;
				LD_RUNPATH_SEARCH_PATHS = "$(inherited) @executable_path/Frameworks";
				PRODUCT_BUNDLE_IDENTIFIER = com.aadeshWorld.HotelListing;
				PRODUCT_NAME = "$(TARGET_NAME)";
				SWIFT_OBJC_BRIDGING_HEADER = "HotelListing/HotelListing-Bridging-Header.h";
			};
			name = Release;
		};
		2171C8141C17E6F900484050 /* Debug */ = {
			isa = XCBuildConfiguration;
			buildSettings = {
				BUNDLE_LOADER = "$(TEST_HOST)";
				INFOPLIST_FILE = HotelListingTests/Info.plist;
				LD_RUNPATH_SEARCH_PATHS = "$(inherited) @executable_path/Frameworks @loader_path/Frameworks";
				PRODUCT_BUNDLE_IDENTIFIER = com.aadeshWorld.HotelListingTests;
				PRODUCT_NAME = "$(TARGET_NAME)";
				TEST_HOST = "$(BUILT_PRODUCTS_DIR)/HotelListing.app/HotelListing";
			};
			name = Debug;
		};
		2171C8151C17E6F900484050 /* Release */ = {
			isa = XCBuildConfiguration;
			buildSettings = {
				BUNDLE_LOADER = "$(TEST_HOST)";
				INFOPLIST_FILE = HotelListingTests/Info.plist;
				LD_RUNPATH_SEARCH_PATHS = "$(inherited) @executable_path/Frameworks @loader_path/Frameworks";
				PRODUCT_BUNDLE_IDENTIFIER = com.aadeshWorld.HotelListingTests;
				PRODUCT_NAME = "$(TARGET_NAME)";
				TEST_HOST = "$(BUILT_PRODUCTS_DIR)/HotelListing.app/HotelListing";
			};
			name = Release;
		};
		2171C8171C17E6F900484050 /* Debug */ = {
			isa = XCBuildConfiguration;
			buildSettings = {
				INFOPLIST_FILE = HotelListingUITests/Info.plist;
				LD_RUNPATH_SEARCH_PATHS = "$(inherited) @executable_path/Frameworks @loader_path/Frameworks";
				PRODUCT_BUNDLE_IDENTIFIER = com.aadeshWorld.HotelListingUITests;
				PRODUCT_NAME = "$(TARGET_NAME)";
				TEST_TARGET_NAME = HotelListing;
				USES_XCTRUNNER = YES;
			};
			name = Debug;
		};
		2171C8181C17E6F900484050 /* Release */ = {
			isa = XCBuildConfiguration;
			buildSettings = {
				INFOPLIST_FILE = HotelListingUITests/Info.plist;
				LD_RUNPATH_SEARCH_PATHS = "$(inherited) @executable_path/Frameworks @loader_path/Frameworks";
				PRODUCT_BUNDLE_IDENTIFIER = com.aadeshWorld.HotelListingUITests;
				PRODUCT_NAME = "$(TARGET_NAME)";
				TEST_TARGET_NAME = HotelListing;
				USES_XCTRUNNER = YES;
			};
			name = Release;
		};
/* End XCBuildConfiguration section */

/* Begin XCConfigurationList section */
		2171C7E31C17E6F800484050 /* Build configuration list for PBXProject "HotelListing" */ = {
			isa = XCConfigurationList;
			buildConfigurations = (
				2171C80E1C17E6F900484050 /* Debug */,
				2171C80F1C17E6F900484050 /* Release */,
			);
			defaultConfigurationIsVisible = 0;
			defaultConfigurationName = Release;
		};
		2171C8101C17E6F900484050 /* Build configuration list for PBXNativeTarget "HotelListing" */ = {
			isa = XCConfigurationList;
			buildConfigurations = (
				2171C8111C17E6F900484050 /* Debug */,
				2171C8121C17E6F900484050 /* Release */,
			);
			defaultConfigurationIsVisible = 0;
			defaultConfigurationName = Release;
		};
		2171C8131C17E6F900484050 /* Build configuration list for PBXNativeTarget "HotelListingTests" */ = {
			isa = XCConfigurationList;
			buildConfigurations = (
				2171C8141C17E6F900484050 /* Debug */,
				2171C8151C17E6F900484050 /* Release */,
			);
			defaultConfigurationIsVisible = 0;
			defaultConfigurationName = Release;
		};
		2171C8161C17E6F900484050 /* Build configuration list for PBXNativeTarget "HotelListingUITests" */ = {
			isa = XCConfigurationList;
			buildConfigurations = (
				2171C8171C17E6F900484050 /* Debug */,
				2171C8181C17E6F900484050 /* Release */,
			);
			defaultConfigurationIsVisible = 0;
			defaultConfigurationName = Release;
		};
/* End XCConfigurationList section */
	};
	rootObject = 2171C7E01C17E6F800484050 /* Project object */;
}
